
Microsoft Visual Studio Solution File, Format Version 12.00
# Visual Studio Version 17
VisualStudioVersion = 17.9.34728.123
MinimumVisualStudioVersion = 10.0.40219.1
Project("{FAE04EC0-301F-11D3-BF4B-00C04F79EFBC}") = "Clicker", "Clicker\Clicker.csproj", "{D481D6FF-0DA3-43C7-A301-5C4D79F55FE5}"
EndProject
Global
	GlobalSection(SolutionConfigurationPlatforms) = preSolution
		Debug|Any CPU = Debug|Any CPU
		Release|Any CPU = Release|Any CPU
	EndGlobalSection
	GlobalSection(ProjectConfigurationPlatforms) = postSolution
		{D481D6FF-0DA3-43C7-A301-5C4D79F55FE5}.Debug|Any CPU.ActiveCfg = Debug|Any CPU
		{D481D6FF-0DA3-43C7-A301-5C4D79F55FE5}.Debug|Any CPU.Build.0 = Debug|Any CPU
		{D481D6FF-0DA3-43C7-A301-5C4D79F55FE5}.Release|Any CPU.ActiveCfg = Release|Any CPU
		{D481D6FF-0DA3-43C7-A301-5C4D79F55FE5}.Release|Any CPU.Build.0 = Release|Any CPU
	EndGlobalSection
	GlobalSection(SolutionProperties) = preSolution
		HideSolutionNode = FALSE
	EndGlobalSection
	GlobalSection(ExtensibilityGlobals) = postSolution
		SolutionGuid = {28171609-8507-4FD8-899D-859609332F06}
	EndGlobalSection
EndGlobal
